
Microsoft Visual Studio Solution File, Format Version 12.00
# Visual Studio Version 16
VisualStudioVersion = 16.0.30907.101
MinimumVisualStudioVersion = 10.0.40219.1
Project("{FAE04EC0-301F-11D3-BF4B-00C04F79EFBC}") = "Assessment-247", "Assessment-247\Assessment-247.csproj", "{829D719C-9FB1-4218-9F18-79EE70C01EDB}"
EndProject
Global
	GlobalSection(SolutionConfigurationPlatforms) = preSolution
		Debug|Any CPU = Debug|Any CPU
		Release|Any CPU = Release|Any CPU
	EndGlobalSection
	GlobalSection(ProjectConfigurationPlatforms) = postSolution
		{829D719C-9FB1-4218-9F18-79EE70C01EDB}.Debug|Any CPU.ActiveCfg = Debug|Any CPU
		{829D719C-9FB1-4218-9F18-79EE70C01EDB}.Debug|Any CPU.Build.0 = Debug|Any CPU
		{829D719C-9FB1-4218-9F18-79EE70C01EDB}.Release|Any CPU.ActiveCfg = Release|Any CPU
		{829D719C-9FB1-4218-9F18-79EE70C01EDB}.Release|Any CPU.Build.0 = Release|Any CPU
	EndGlobalSection
	GlobalSection(SolutionProperties) = preSolution
		HideSolutionNode = FALSE
	EndGlobalSection
	GlobalSection(ExtensibilityGlobals) = postSolution
		SolutionGuid = {382F492E-4E64-4B99-A2DB-78FB09D4CCD9}
	EndGlobalSection
EndGlobal
